
Microsoft Visual Studio Solution File, Format Version 12.00
# Visual Studio 15
VisualStudioVersion = 15.0.27004.2009
MinimumVisualStudioVersion = 10.0.40219.1
Project("{FAE04EC0-301F-11D3-BF4B-00C04F79EFBC}") = "WeellOfFate", "WeellOfFate\WeellOfFate.csproj", "{44D09B50-1959-4AFF-946F-21FD1526E687}"
EndProject
Global
	GlobalSection(SolutionConfigurationPlatforms) = preSolution
		Debug|Any CPU = Debug|Any CPU
		Release|Any CPU = Release|Any CPU
	EndGlobalSection
	GlobalSection(ProjectConfigurationPlatforms) = postSolution
		{44D09B50-1959-4AFF-946F-21FD1526E687}.Debug|Any CPU.ActiveCfg = Debug|Any CPU
		{44D09B50-1959-4AFF-946F-21FD1526E687}.Debug|Any CPU.Build.0 = Debug|Any CPU
		{44D09B50-1959-4AFF-946F-21FD1526E687}.Release|Any CPU.ActiveCfg = Release|Any CPU
		{44D09B50-1959-4AFF-946F-21FD1526E687}.Release|Any CPU.Build.0 = Release|Any CPU
	EndGlobalSection
	GlobalSection(SolutionProperties) = preSolution
		HideSolutionNode = FALSE
	EndGlobalSection
	GlobalSection(ExtensibilityGlobals) = postSolution
		SolutionGuid = {15E66FA4-7B71-460E-B050-5A967D4F202D}
	EndGlobalSection
EndGlobal
